
Microsoft Visual Studio Solution File, Format Version 12.00
# Visual Studio Version 17
VisualStudioVersion = 17.7.34221.43
MinimumVisualStudioVersion = 10.0.40219.1
Project("{FAE04EC0-301F-11D3-BF4B-00C04F79EFBC}") = "Drawer", "Drawer.csproj", "{0EE97662-E2EC-4B16-8C46-2A0F55654189}"
EndProject
Global
	GlobalSection(SolutionConfigurationPlatforms) = preSolution
		Debug|Any CPU = Debug|Any CPU
		Release|Any CPU = Release|Any CPU
	EndGlobalSection
	GlobalSection(ProjectConfigurationPlatforms) = postSolution
		{0EE97662-E2EC-4B16-8C46-2A0F55654189}.Debug|Any CPU.ActiveCfg = Debug|Any CPU
		{0EE97662-E2EC-4B16-8C46-2A0F55654189}.Debug|Any CPU.Build.0 = Debug|Any CPU
		{0EE97662-E2EC-4B16-8C46-2A0F55654189}.Release|Any CPU.ActiveCfg = Release|Any CPU
		{0EE97662-E2EC-4B16-8C46-2A0F55654189}.Release|Any CPU.Build.0 = Release|Any CPU
	EndGlobalSection
	GlobalSection(SolutionProperties) = preSolution
		HideSolutionNode = FALSE
	EndGlobalSection
	GlobalSection(ExtensibilityGlobals) = postSolution
		SolutionGuid = {151169AD-A8DC-4E5D-BDDD-BA442DD3B0A7}
	EndGlobalSection
EndGlobal
